{
  "requires": true,
  "lockfileVersion": 1,
  "dependencies": {
    "playfab-sdk": {
      "version": "2.53.200805",
      "resolved": "https://registry.npmjs.org/playfab-sdk/-/playfab-sdk-2.53.200805.tgz",
      "integrity": "sha512-/BlmAt2bD6jKKRgcCjztLJxMSGucz5g+nKsM6hQor/Sold5GEGYOOcjrwcttkdrqaG/JSiW2WxNQTCeJ2v6xAQ=="
    }
  }
}
